
Microsoft Visual Studio Solution File, Format Version 12.00
# Visual Studio Version 17
VisualStudioVersion = 17.11.35222.181
MinimumVisualStudioVersion = 10.0.40219.1
Project("{2150E333-8FDC-42A3-9474-1A3956D46DE8}") = "Common", "Common", "{D374E76D-A27B-456E-9580-BC1DB84668D8}"
EndProject
Project("{2150E333-8FDC-42A3-9474-1A3956D46DE8}") = "Backend", "Backend", "{10E44297-4AF6-4845-B62E-225D211A14D7}"
EndProject
Project("{2150E333-8FDC-42A3-9474-1A3956D46DE8}") = "Frontend", "Frontend", "{28B1374C-57CD-4610-83FE-002E9F24FC92}"
EndProject
Project("{2150E333-8FDC-42A3-9474-1A3956D46DE8}") = "IdentityServer", "IdentityServer", "{44FBC632-201A-43AD-A0CE-AF7F7FF789D1}"
EndProject
Project("{2150E333-8FDC-42A3-9474-1A3956D46DE8}") = "WorkshopManagment", "WorkshopManagment", "{C342FB49-8EC5-49D3-A3D3-0A6104CA59FC}"
EndProject
Project("{2150E333-8FDC-42A3-9474-1A3956D46DE8}") = "WarehouseManagement", "WarehouseManagement", "{18940C3F-607A-480D-B1A7-8D555D8E36AE}"
EndProject
Project("{FAE04EC0-301F-11D3-BF4B-00C04F79EFBC}") = "SewingFactory.Backend.WorkshopManagement.Web", "Backend\WorkshopManagement\WorkshopManagment.Web\SewingFactory.Backend.WorkshopManagement.Web.csproj", "{A0BDA1F9-FB79-57C2-BFF0-253F96E80663}"
EndProject
Project("{FAE04EC0-301F-11D3-BF4B-00C04F79EFBC}") = "SewingFactory.Backend.WorkshopManagement.Infrastructure", "Backend\WorkshopManagement\WorkshopManagment.Infrastructure\SewingFactory.Backend.WorkshopManagement.Infrastructure.csproj", "{CF3E31C4-D856-D298-CDD3-85226AADECA1}"
EndProject
Project("{FAE04EC0-301F-11D3-BF4B-00C04F79EFBC}") = "SewingFactory.Backend.WorkshopManagement.Domain", "Backend\WorkshopManagement\WorkshopManagment.Domain\SewingFactory.Backend.WorkshopManagement.Domain.csproj", "{E6F800AE-2FBE-946B-1A59-31647CC19B6F}"
	ProjectSection(ProjectDependencies) = postProject
		{783CE1C5-3661-00BE-7DBD-12B3FBB68AD5} = {783CE1C5-3661-00BE-7DBD-12B3FBB68AD5}
	EndProjectSection
EndProject
Project("{FAE04EC0-301F-11D3-BF4B-00C04F79EFBC}") = "SewingFactory.Backend.WorkshopManagement.Domain.Tests", "Backend\WorkshopManagement\WorkshopManagment.Domain.Tests\SewingFactory.Backend.WorkshopManagement.Domain.Tests.csproj", "{B7D7890A-2CDA-17C7-0F21-A5C66A7AE304}"
	ProjectSection(ProjectDependencies) = postProject
		{783CE1C5-3661-00BE-7DBD-12B3FBB68AD5} = {783CE1C5-3661-00BE-7DBD-12B3FBB68AD5}
	EndProjectSection
EndProject
Project("{FAE04EC0-301F-11D3-BF4B-00C04F79EFBC}") = "SewingFactory.Backend.WorkshopManagment.Web.Tests", "Backend\WorkshopManagement\WorkshopManagment.Web.Tests\SewingFactory.Backend.WorkshopManagment.Web.Tests.csproj", "{D205BF72-5FB7-3AF5-7104-87BAED6338F2}"
EndProject
Project("{FAE04EC0-301F-11D3-BF4B-00C04F79EFBC}") = "SewingFactory.Common.Domain", "Common\Domain\SewingFactory.Common.Domain.csproj", "{783CE1C5-3661-00BE-7DBD-12B3FBB68AD5}"
EndProject
Project("{FAE04EC0-301F-11D3-BF4B-00C04F79EFBC}") = "SewingFactory.Backend.IdentityServer.Infrastructure", "Backend\Identity\SewingFactory.Backend.IdentityServer.Infrastructure\SewingFactory.Backend.IdentityServer.Infrastructure.csproj", "{A80A3075-21CB-D178-AEB4-2D9101F4D624}"
EndProject
Project("{FAE04EC0-301F-11D3-BF4B-00C04F79EFBC}") = "SewingFactory.Backend.IdentityServer.Web", "Backend\Identity\SewingFactory.Backend.IdentityServer.Web\SewingFactory.Backend.IdentityServer.Web.csproj", "{8555EA84-B6A0-EFBD-E9BD-10F9E5178B10}"
EndProject
Project("{FAE04EC0-301F-11D3-BF4B-00C04F79EFBC}") = "SewingFactory.Backend.WarehouseManagement.Web", "Backend\WarehouseManagement\SewingFactory.Backend.WarehouseManagement.Web\SewingFactory.Backend.WarehouseManagement.Web.csproj", "{C6E7C4A4-4EF0-AF3F-3CA2-8FE847BAAE4E}"
EndProject
Project("{FAE04EC0-301F-11D3-BF4B-00C04F79EFBC}") = "SewingFactory.Backend.WarehouseManagement.Infrastructure", "Backend\WarehouseManagement\SewingFactory.Backend.WarehouseManagement.Infrastructure\SewingFactory.Backend.WarehouseManagement.Infrastructure.csproj", "{7063604A-2C70-07AC-A861-59F9DCCFDEB5}"
EndProject
Project("{FAE04EC0-301F-11D3-BF4B-00C04F79EFBC}") = "SewingFactory.Backend.WarehouseManagement.Domain", "Backend\WarehouseManagement\SewingFactory.Backend.WarehouseManagement.Domain\SewingFactory.Backend.WarehouseManagement.Domain.csproj", "{0BA04A6F-A689-458D-41C9-674FAC39CEA5}"
EndProject
Global
	GlobalSection(SolutionConfigurationPlatforms) = preSolution
		Debug|Any CPU = Debug|Any CPU
		Release|Any CPU = Release|Any CPU
	EndGlobalSection
	GlobalSection(ProjectConfigurationPlatforms) = postSolution
		{A0BDA1F9-FB79-57C2-BFF0-253F96E80663}.Debug|Any CPU.ActiveCfg = Debug|Any CPU
		{A0BDA1F9-FB79-57C2-BFF0-253F96E80663}.Debug|Any CPU.Build.0 = Debug|Any CPU
		{A0BDA1F9-FB79-57C2-BFF0-253F96E80663}.Release|Any CPU.ActiveCfg = Release|Any CPU
		{A0BDA1F9-FB79-57C2-BFF0-253F96E80663}.Release|Any CPU.Build.0 = Release|Any CPU
		{CF3E31C4-D856-D298-CDD3-85226AADECA1}.Debug|Any CPU.ActiveCfg = Debug|Any CPU
		{CF3E31C4-D856-D298-CDD3-85226AADECA1}.Debug|Any CPU.Build.0 = Debug|Any CPU
		{CF3E31C4-D856-D298-CDD3-85226AADECA1}.Release|Any CPU.ActiveCfg = Release|Any CPU
		{CF3E31C4-D856-D298-CDD3-85226AADECA1}.Release|Any CPU.Build.0 = Release|Any CPU
		{E6F800AE-2FBE-946B-1A59-31647CC19B6F}.Debug|Any CPU.ActiveCfg = Debug|Any CPU
		{E6F800AE-2FBE-946B-1A59-31647CC19B6F}.Debug|Any CPU.Build.0 = Debug|Any CPU
		{E6F800AE-2FBE-946B-1A59-31647CC19B6F}.Release|Any CPU.ActiveCfg = Release|Any CPU
		{E6F800AE-2FBE-946B-1A59-31647CC19B6F}.Release|Any CPU.Build.0 = Release|Any CPU
		{B7D7890A-2CDA-17C7-0F21-A5C66A7AE304}.Debug|Any CPU.ActiveCfg = Debug|Any CPU
		{B7D7890A-2CDA-17C7-0F21-A5C66A7AE304}.Debug|Any CPU.Build.0 = Debug|Any CPU
		{B7D7890A-2CDA-17C7-0F21-A5C66A7AE304}.Release|Any CPU.ActiveCfg = Release|Any CPU
		{B7D7890A-2CDA-17C7-0F21-A5C66A7AE304}.Release|Any CPU.Build.0 = Release|Any CPU
		{D205BF72-5FB7-3AF5-7104-87BAED6338F2}.Debug|Any CPU.ActiveCfg = Debug|Any CPU
		{D205BF72-5FB7-3AF5-7104-87BAED6338F2}.Debug|Any CPU.Build.0 = Debug|Any CPU
		{D205BF72-5FB7-3AF5-7104-87BAED6338F2}.Release|Any CPU.ActiveCfg = Release|Any CPU
		{D205BF72-5FB7-3AF5-7104-87BAED6338F2}.Release|Any CPU.Build.0 = Release|Any CPU
		{783CE1C5-3661-00BE-7DBD-12B3FBB68AD5}.Debug|Any CPU.ActiveCfg = Debug|Any CPU
		{783CE1C5-3661-00BE-7DBD-12B3FBB68AD5}.Debug|Any CPU.Build.0 = Debug|Any CPU
		{783CE1C5-3661-00BE-7DBD-12B3FBB68AD5}.Release|Any CPU.ActiveCfg = Release|Any CPU
		{783CE1C5-3661-00BE-7DBD-12B3FBB68AD5}.Release|Any CPU.Build.0 = Release|Any CPU
		{A80A3075-21CB-D178-AEB4-2D9101F4D624}.Debug|Any CPU.ActiveCfg = Debug|Any CPU
		{A80A3075-21CB-D178-AEB4-2D9101F4D624}.Debug|Any CPU.Build.0 = Debug|Any CPU
		{A80A3075-21CB-D178-AEB4-2D9101F4D624}.Release|Any CPU.ActiveCfg = Release|Any CPU
		{A80A3075-21CB-D178-AEB4-2D9101F4D624}.Release|Any CPU.Build.0 = Release|Any CPU
		{8555EA84-B6A0-EFBD-E9BD-10F9E5178B10}.Debug|Any CPU.ActiveCfg = Debug|Any CPU
		{8555EA84-B6A0-EFBD-E9BD-10F9E5178B10}.Debug|Any CPU.Build.0 = Debug|Any CPU
		{8555EA84-B6A0-EFBD-E9BD-10F9E5178B10}.Release|Any CPU.ActiveCfg = Release|Any CPU
		{8555EA84-B6A0-EFBD-E9BD-10F9E5178B10}.Release|Any CPU.Build.0 = Release|Any CPU
		{C6E7C4A4-4EF0-AF3F-3CA2-8FE847BAAE4E}.Debug|Any CPU.ActiveCfg = Debug|Any CPU
		{C6E7C4A4-4EF0-AF3F-3CA2-8FE847BAAE4E}.Debug|Any CPU.Build.0 = Debug|Any CPU
		{C6E7C4A4-4EF0-AF3F-3CA2-8FE847BAAE4E}.Release|Any CPU.ActiveCfg = Release|Any CPU
		{C6E7C4A4-4EF0-AF3F-3CA2-8FE847BAAE4E}.Release|Any CPU.Build.0 = Release|Any CPU
		{7063604A-2C70-07AC-A861-59F9DCCFDEB5}.Debug|Any CPU.ActiveCfg = Debug|Any CPU
		{7063604A-2C70-07AC-A861-59F9DCCFDEB5}.Debug|Any CPU.Build.0 = Debug|Any CPU
		{7063604A-2C70-07AC-A861-59F9DCCFDEB5}.Release|Any CPU.ActiveCfg = Release|Any CPU
		{7063604A-2C70-07AC-A861-59F9DCCFDEB5}.Release|Any CPU.Build.0 = Release|Any CPU
		{0BA04A6F-A689-458D-41C9-674FAC39CEA5}.Debug|Any CPU.ActiveCfg = Debug|Any CPU
		{0BA04A6F-A689-458D-41C9-674FAC39CEA5}.Debug|Any CPU.Build.0 = Debug|Any CPU
		{0BA04A6F-A689-458D-41C9-674FAC39CEA5}.Release|Any CPU.ActiveCfg = Release|Any CPU
		{0BA04A6F-A689-458D-41C9-674FAC39CEA5}.Release|Any CPU.Build.0 = Release|Any CPU
	EndGlobalSection
	GlobalSection(SolutionProperties) = preSolution
		HideSolutionNode = FALSE
	EndGlobalSection
	GlobalSection(NestedProjects) = preSolution
		{44FBC632-201A-43AD-A0CE-AF7F7FF789D1} = {10E44297-4AF6-4845-B62E-225D211A14D7}
		{C342FB49-8EC5-49D3-A3D3-0A6104CA59FC} = {10E44297-4AF6-4845-B62E-225D211A14D7}
		{18940C3F-607A-480D-B1A7-8D555D8E36AE} = {10E44297-4AF6-4845-B62E-225D211A14D7}
		{A0BDA1F9-FB79-57C2-BFF0-253F96E80663} = {C342FB49-8EC5-49D3-A3D3-0A6104CA59FC}
		{CF3E31C4-D856-D298-CDD3-85226AADECA1} = {C342FB49-8EC5-49D3-A3D3-0A6104CA59FC}
		{E6F800AE-2FBE-946B-1A59-31647CC19B6F} = {C342FB49-8EC5-49D3-A3D3-0A6104CA59FC}
		{B7D7890A-2CDA-17C7-0F21-A5C66A7AE304} = {C342FB49-8EC5-49D3-A3D3-0A6104CA59FC}
		{D205BF72-5FB7-3AF5-7104-87BAED6338F2} = {C342FB49-8EC5-49D3-A3D3-0A6104CA59FC}
		{783CE1C5-3661-00BE-7DBD-12B3FBB68AD5} = {D374E76D-A27B-456E-9580-BC1DB84668D8}
		{A80A3075-21CB-D178-AEB4-2D9101F4D624} = {44FBC632-201A-43AD-A0CE-AF7F7FF789D1}
		{8555EA84-B6A0-EFBD-E9BD-10F9E5178B10} = {44FBC632-201A-43AD-A0CE-AF7F7FF789D1}
		{C6E7C4A4-4EF0-AF3F-3CA2-8FE847BAAE4E} = {18940C3F-607A-480D-B1A7-8D555D8E36AE}
		{7063604A-2C70-07AC-A861-59F9DCCFDEB5} = {18940C3F-607A-480D-B1A7-8D555D8E36AE}
		{0BA04A6F-A689-458D-41C9-674FAC39CEA5} = {18940C3F-607A-480D-B1A7-8D555D8E36AE}
	EndGlobalSection
	GlobalSection(ExtensibilityGlobals) = postSolution
		SolutionGuid = {4F392439-980B-47FF-BCED-0EC58A194C90}
	EndGlobalSection
EndGlobal
